
Microsoft Visual Studio Solution File, Format Version 12.00
# Visual Studio 15
VisualStudioVersion = 15.0.28307.1800
MinimumVisualStudioVersion = 10.0.40219.1
Project("{FAE04EC0-301F-11D3-BF4B-00C04F79EFBC}") = "ProyectoFinal", "ProyectoFinal\ProyectoFinal.csproj", "{FF6B4982-23A0-4176-B9EC-1F97F698D728}"
EndProject
Global
	GlobalSection(SolutionConfigurationPlatforms) = preSolution
		Debug|Any CPU = Debug|Any CPU
		Release|Any CPU = Release|Any CPU
	EndGlobalSection
	GlobalSection(ProjectConfigurationPlatforms) = postSolution
		{FF6B4982-23A0-4176-B9EC-1F97F698D728}.Debug|Any CPU.ActiveCfg = Debug|Any CPU
		{FF6B4982-23A0-4176-B9EC-1F97F698D728}.Debug|Any CPU.Build.0 = Debug|Any CPU
		{FF6B4982-23A0-4176-B9EC-1F97F698D728}.Release|Any CPU.ActiveCfg = Release|Any CPU
		{FF6B4982-23A0-4176-B9EC-1F97F698D728}.Release|Any CPU.Build.0 = Release|Any CPU
	EndGlobalSection
	GlobalSection(SolutionProperties) = preSolution
		HideSolutionNode = FALSE
	EndGlobalSection
	GlobalSection(ExtensibilityGlobals) = postSolution
		SolutionGuid = {ECBA7780-E9C0-4088-B931-69C099E3332A}
	EndGlobalSection
EndGlobal
